
Microsoft Visual Studio Solution File, Format Version 12.00
# Visual Studio Version 17
VisualStudioVersion = 17.3.32901.215
MinimumVisualStudioVersion = 10.0.40219.1
Project("{FAE04EC0-301F-11D3-BF4B-00C04F79EFBC}") = "web_project", "web_project.csproj", "{EE157C5C-BE54-4C32-B541-34EAF51E98AA}"
EndProject
Global
	GlobalSection(SolutionConfigurationPlatforms) = preSolution
		Debug|Any CPU = Debug|Any CPU
		Release|Any CPU = Release|Any CPU
	EndGlobalSection
	GlobalSection(ProjectConfigurationPlatforms) = postSolution
		{EE157C5C-BE54-4C32-B541-34EAF51E98AA}.Debug|Any CPU.ActiveCfg = Debug|Any CPU
		{EE157C5C-BE54-4C32-B541-34EAF51E98AA}.Debug|Any CPU.Build.0 = Debug|Any CPU
		{EE157C5C-BE54-4C32-B541-34EAF51E98AA}.Release|Any CPU.ActiveCfg = Release|Any CPU
		{EE157C5C-BE54-4C32-B541-34EAF51E98AA}.Release|Any CPU.Build.0 = Release|Any CPU
	EndGlobalSection
	GlobalSection(SolutionProperties) = preSolution
		HideSolutionNode = FALSE
	EndGlobalSection
	GlobalSection(ExtensibilityGlobals) = postSolution
		SolutionGuid = {2CF9B5F1-B5F2-453C-AB83-D97B70E9C716}
	EndGlobalSection
EndGlobal
